version: v0.4.1
python: 3.13.7
python_deps: hashes frozen at WP-0 execution
lean: leanprover/lean4:v4.21.0
lean_source: obstruction parent lean-toolchain (verified via raw fetch)
lake: config+manifest frozen at WP-0
solvers: names/builds/versions frozen at WP-0
threads: single-thread-deterministic (parallel only via deterministic sharding + sorted
  reduce)
rng: SHA-256 counter DRBG
compression: zstd deterministic params frozen at WP-0
hash: SHA-256
env_vars: recorded per run
